// !$*UTF8*$!
{
	archiveVersion = 1;
	classes = {
	};
	objectVersion = 77;
	objects = {

/* Begin PBXBuildFile section */
		9B6B5299300EA0650079562E /* LevWidgetExtension.appex in Embed Foundation Extensions */ = {isa = PBXBuildFile; fileRef = 9BF02CD92FFDA1BC0090A62D /* LevWidgetExtension.appex */; settings = {ATTRIBUTES = (RemoveHeadersOnCopy, ); }; };
		9B7733AD30113355003AB477 /* PostHog in Frameworks */ = {isa = PBXBuildFile; productRef = 9B7733AC30113355003AB477 /* PostHog */; };
		9BF02CDC2FFDA1BC0090A62D /* WidgetKit.framework in Frameworks */ = {isa = PBXBuildFile; fileRef = 9BF02CDB2FFDA1BC0090A62D /* WidgetKit.framework */; };
		9BF02CDE2FFDA1BC0090A62D /* SwiftUI.framework in Frameworks */ = {isa = PBXBuildFile; fileRef = 9BF02CDD2FFDA1BC0090A62D /* SwiftUI.framework */; };
/* End PBXBuildFile section */

/* Begin PBXContainerItemProxy section */
		9BF02C952FFD57720090A62D /* PBXContainerItemProxy */ = {
			isa = PBXContainerItemProxy;
			containerPortal = 9BF02C7F2FFD57700090A62D /* Project object */;
			proxyType = 1;
			remoteGlobalIDString = 9BF02C862FFD57700090A62D;
			remoteInfo = EVRA;
		};
		9BF02C9F2FFD57720090A62D /* PBXContainerItemProxy */ = {
			isa = PBXContainerItemProxy;
			containerPortal = 9BF02C7F2FFD57700090A62D /* Project object */;
			proxyType = 1;
			remoteGlobalIDString = 9BF02C862FFD57700090A62D;
			remoteInfo = EVRA;
		};
		9BF02CED2FFDA1BE0090A62D /* PBXContainerItemProxy */ = {
			isa = PBXContainerItemProxy;
			containerPortal = 9BF02C7F2FFD57700090A62D /* Project object */;
			proxyType = 1;
			remoteGlobalIDString = 9BF02CD82FFDA1BC0090A62D;
			remoteInfo = LevWidgetExtension;
		};
/* End PBXContainerItemProxy section */

/* Begin PBXCopyFilesBuildPhase section */
		9BF02CF42FFDA1BE0090A62D /* Embed Foundation Extensions */ = {
			isa = PBXCopyFilesBuildPhase;
			buildActionMask = 12;
			dstPath = "";
			dstSubfolderSpec = 13;
			files = (
				9B6B5299300EA0650079562E /* LevWidgetExtension.appex in Embed Foundation Extensions */,
			);
			name = "Embed Foundation Extensions";
			runOnlyForDeploymentPostprocessing = 0;
		};
/* End PBXCopyFilesBuildPhase section */

/* Begin PBXFileReference section */
		9BF02C872FFD57700090A62D /* EVRA.app */ = {isa = PBXFileReference; explicitFileType = wrapper.application; includeInIndex = 0; path = EVRA.app; sourceTree = BUILT_PRODUCTS_DIR; };
		9BF02C942FFD57720090A62D /* EVRATests.xctest */ = {isa = PBXFileReference; explicitFileType = wrapper.cfbundle; includeInIndex = 0; path = EVRATests.xctest; sourceTree = BUILT_PRODUCTS_DIR; };
		9BF02C9E2FFD57720090A62D /* EVRAUITests.xctest */ = {isa = PBXFileReference; explicitFileType = wrapper.cfbundle; includeInIndex = 0; path = EVRAUITests.xctest; sourceTree = BUILT_PRODUCTS_DIR; };
		9BF02CD92FFDA1BC0090A62D /* LevWidgetExtension.appex */ = {isa = PBXFileReference; explicitFileType = "wrapper.app-extension"; includeInIndex = 0; path = LevWidgetExtension.appex; sourceTree = BUILT_PRODUCTS_DIR; };
		9BF02CDB2FFDA1BC0090A62D /* WidgetKit.framework */ = {isa = PBXFileReference; lastKnownFileType = wrapper.framework; name = WidgetKit.framework; path = System/Library/Frameworks/WidgetKit.framework; sourceTree = SDKROOT; };
		9BF02CDD2FFDA1BC0090A62D /* SwiftUI.framework */ = {isa = PBXFileReference; lastKnownFileType = wrapper.framework; name = SwiftUI.framework; path = System/Library/Frameworks/SwiftUI.framework; sourceTree = SDKROOT; };
/* End PBXFileReference section */

/* Begin PBXFileSystemSynchronizedBuildFileExceptionSet section */
		9BF02CF02FFDA1BE0090A62D /* Exceptions for "LevWidget" folder in "LevWidgetExtension" target */ = {
			isa = PBXFileSystemSynchronizedBuildFileExceptionSet;
			membershipExceptions = (
				Info.plist,
			);
			target = 9BF02CD82FFDA1BC0090A62D /* LevWidgetExtension */;
		};
		9BF02CF92FFDAE5D0090A62D /* Exceptions for "EVRA" folder in "EVRA" target */ = {
			isa = PBXFileSystemSynchronizedBuildFileExceptionSet;
			membershipExceptions = (
				Info.plist,
				LiveActivity/TrackingWidget.swift,
			);
			target = 9BF02C862FFD57700090A62D /* EVRA */;
		};
		9BF02D102FFEF8520090A62D /* Exceptions for "EVRA" folder in "LevWidgetExtension" target */ = {
			isa = PBXFileSystemSynchronizedBuildFileExceptionSet;
			membershipExceptions = (
				LiveActivity/TrackingSharedModels.swift,
				LiveActivity/TrackingWidget.swift,
			);
			target = 9BF02CD82FFDA1BC0090A62D /* LevWidgetExtension */;
		};
/* End PBXFileSystemSynchronizedBuildFileExceptionSet section */

/* Begin PBXFileSystemSynchronizedRootGroup section */
		9BF02C892FFD57700090A62D /* EVRA */ = {
			isa = PBXFileSystemSynchronizedRootGroup;
			exceptions = (
				9BF02CF92FFDAE5D0090A62D /* Exceptions for "EVRA" folder in "EVRA" target */,
				9BF02D102FFEF8520090A62D /* Exceptions for "EVRA" folder in "LevWidgetExtension" target */,
			);
			path = EVRA;
			sourceTree = "<group>";
		};
		9BF02C972FFD57720090A62D /* EVRATests */ = {
			isa = PBXFileSystemSynchronizedRootGroup;
			path = EVRATests;
			sourceTree = "<group>";
		};
		9BF02CA12FFD57720090A62D /* EVRAUITests */ = {
			isa = PBXFileSystemSynchronizedRootGroup;
			path = EVRAUITests;
			sourceTree = "<group>";
		};
		9BF02CDF2FFDA1BC0090A62D /* LevWidget */ = {
			isa = PBXFileSystemSynchronizedRootGroup;
			exceptions = (
				9BF02CF02FFDA1BE0090A62D /* Exceptions for "LevWidget" folder in "LevWidgetExtension" target */,
			);
			path = LevWidget;
			sourceTree = "<group>";
		};
/* End PBXFileSystemSynchronizedRootGroup section */

/* Begin PBXFrameworksBuildPhase section */
		9BF02C842FFD57700090A62D /* Frameworks */ = {
			isa = PBXFrameworksBuildPhase;
			buildActionMask = 2147483647;
			files = (
				9B7733AD30113355003AB477 /* PostHog in Frameworks */,
			);
			runOnlyForDeploymentPostprocessing = 0;
		};
		9BF02C912FFD57720090A62D /* Frameworks */ = {
			isa = PBXFrameworksBuildPhase;
			buildActionMask = 2147483647;
			files = (
			);
			runOnlyForDeploymentPostprocessing = 0;
		};
		9BF02C9B2FFD57720090A62D /* Frameworks */ = {
			isa = PBXFrameworksBuildPhase;
			buildActionMask = 2147483647;
			files = (
			);
			runOnlyForDeploymentPostprocessing = 0;
		};
		9BF02CD62FFDA1BC0090A62D /* Frameworks */ = {
			isa = PBXFrameworksBuildPhase;
			buildActionMask = 2147483647;
			files = (
				9BF02CDE2FFDA1BC0090A62D /* SwiftUI.framework in Frameworks */,
				9BF02CDC2FFDA1BC0090A62D /* WidgetKit.framework in Frameworks */,
			);
			runOnlyForDeploymentPostprocessing = 0;
		};
/* End PBXFrameworksBuildPhase section */

/* Begin PBXGroup section */
		9BF02C7E2FFD57700090A62D = {
			isa = PBXGroup;
			children = (
				9BF02C892FFD57700090A62D /* EVRA */,
				9BF02C972FFD57720090A62D /* EVRATests */,
				9BF02CA12FFD57720090A62D /* EVRAUITests */,
				9BF02CDF2FFDA1BC0090A62D /* LevWidget */,
				9BF02CDA2FFDA1BC0090A62D /* Frameworks */,
				9BF02C882FFD57700090A62D /* Products */,
			);
			sourceTree = "<group>";
		};
		9BF02C882FFD57700090A62D /* Products */ = {
			isa = PBXGroup;
			children = (
				9BF02C872FFD57700090A62D /* EVRA.app */,
				9BF02C942FFD57720090A62D /* EVRATests.xctest */,
				9BF02C9E2FFD57720090A62D /* EVRAUITests.xctest */,
				9BF02CD92FFDA1BC0090A62D /* LevWidgetExtension.appex */,
			);
			name = Products;
			sourceTree = "<group>";
		};
		9BF02CDA2FFDA1BC0090A62D /* Frameworks */ = {
			isa = PBXGroup;
			children = (
				9BF02CDB2FFDA1BC0090A62D /* WidgetKit.framework */,
				9BF02CDD2FFDA1BC0090A62D /* SwiftUI.framework */,
			);
			name = Frameworks;
			sourceTree = "<group>";
		};
/* End PBXGroup section */

/* Begin PBXNativeTarget section */
		9BF02C862FFD57700090A62D /* EVRA */ = {
			isa = PBXNativeTarget;
			buildConfigurationList = 9BF02CA82FFD57720090A62D /* Build configuration list for PBXNativeTarget "EVRA" */;
			buildPhases = (
				9BF02C832FFD57700090A62D /* Sources */,
				9BF02C842FFD57700090A62D /* Frameworks */,
				9BF02C852FFD57700090A62D /* Resources */,
				9BF02CF42FFDA1BE0090A62D /* Embed Foundation Extensions */,
			);
			buildRules = (
			);
			dependencies = (
				9BF02CEE2FFDA1BE0090A62D /* PBXTargetDependency */,
			);
			fileSystemSynchronizedGroups = (
				9BF02C892FFD57700090A62D /* EVRA */,
			);
			name = EVRA;
			packageProductDependencies = (
				9B7733AC30113355003AB477 /* PostHog */,
			);
			productName = EVRA;
			productReference = 9BF02C872FFD57700090A62D /* EVRA.app */;
			productType = "com.apple.product-type.application";
		};
		9BF02C932FFD57720090A62D /* EVRATests */ = {
			isa = PBXNativeTarget;
			buildConfigurationList = 9BF02CAB2FFD57720090A62D /* Build configuration list for PBXNativeTarget "EVRATests" */;
			buildPhases = (
				9BF02C902FFD57720090A62D /* Sources */,
				9BF02C912FFD57720090A62D /* Frameworks */,
				9BF02C922FFD57720090A62D /* Resources */,
			);
			buildRules = (
			);
			dependencies = (
				9BF02C962FFD57720090A62D /* PBXTargetDependency */,
			);
			fileSystemSynchronizedGroups = (
				9BF02C972FFD57720090A62D /* EVRATests */,
			);
			name = EVRATests;
			packageProductDependencies = (
			);
			productName = EVRATests;
			productReference = 9BF02C942FFD57720090A62D /* EVRATests.xctest */;
			productType = "com.apple.product-type.bundle.unit-test";
		};
		9BF02C9D2FFD57720090A62D /* EVRAUITests */ = {
			isa = PBXNativeTarget;
			buildConfigurationList = 9BF02CAE2FFD57720090A62D /* Build configuration list for PBXNativeTarget "EVRAUITests" */;
			buildPhases = (
				9BF02C9A2FFD57720090A62D /* Sources */,
				9BF02C9B2FFD57720090A62D /* Frameworks */,
				9BF02C9C2FFD57720090A62D /* Resources */,
			);
			buildRules = (
			);
			dependencies = (
				9BF02CA02FFD57720090A62D /* PBXTargetDependency */,
			);
			fileSystemSynchronizedGroups = (
				9BF02CA12FFD57720090A62D /* EVRAUITests */,
			);
			name = EVRAUITests;
			packageProductDependencies = (
			);
			productName = EVRAUITests;
			productReference = 9BF02C9E2FFD57720090A62D /* EVRAUITests.xctest */;
			productType = "com.apple.product-type.bundle.ui-testing";
		};
		9BF02CD82FFDA1BC0090A62D /* LevWidgetExtension */ = {
			isa = PBXNativeTarget;
			buildConfigurationList = 9BF02CF12FFDA1BE0090A62D /* Build configuration list for PBXNativeTarget "LevWidgetExtension" */;
			buildPhases = (
				9BF02CD52FFDA1BC0090A62D /* Sources */,
				9BF02CD62FFDA1BC0090A62D /* Frameworks */,
				9BF02CD72FFDA1BC0090A62D /* Resources */,
			);
			buildRules = (
			);
			dependencies = (
			);
			fileSystemSynchronizedGroups = (
				9BF02CDF2FFDA1BC0090A62D /* LevWidget */,
			);
			name = LevWidgetExtension;
			packageProductDependencies = (
			);
			productName = LevWidgetExtension;
			productReference = 9BF02CD92FFDA1BC0090A62D /* LevWidgetExtension.appex */;
			productType = "com.apple.product-type.app-extension";
		};
/* End PBXNativeTarget section */

/* Begin PBXProject section */
		9BF02C7F2FFD57700090A62D /* Project object */ = {
			isa = PBXProject;
			attributes = {
				BuildIndependentTargetsInParallel = 1;
				LastSwiftUpdateCheck = 2650;
				LastUpgradeCheck = 2650;
				TargetAttributes = {
					9BF02C862FFD57700090A62D = {
						CreatedOnToolsVersion = 26.5;
					};
					9BF02C932FFD57720090A62D = {
						CreatedOnToolsVersion = 26.5;
						TestTargetID = 9BF02C862FFD57700090A62D;
					};
					9BF02C9D2FFD57720090A62D = {
						CreatedOnToolsVersion = 26.5;
						TestTargetID = 9BF02C862FFD57700090A62D;
					};
					9BF02CD82FFDA1BC0090A62D = {
						CreatedOnToolsVersion = 26.5;
					};
				};
			};
			buildConfigurationList = 9BF02C822FFD57700090A62D /* Build configuration list for PBXProject "EVRA" */;
			developmentRegion = en;
			hasScannedForEncodings = 0;
			knownRegions = (
				en,
				Base,
			);
			mainGroup = 9BF02C7E2FFD57700090A62D;
			minimizedProjectReferenceProxies = 1;
			packageReferences = (
				9B7733AB30113355003AB477 /* XCRemoteSwiftPackageReference "posthog-ios" */,
			);
			preferredProjectObjectVersion = 77;
			productRefGroup = 9BF02C882FFD57700090A62D /* Products */;
			projectDirPath = "";
			projectRoot = "";
			targets = (
				9BF02C862FFD57700090A62D /* EVRA */,
				9BF02C932FFD57720090A62D /* EVRATests */,
				9BF02C9D2FFD57720090A62D /* EVRAUITests */,
				9BF02CD82FFDA1BC0090A62D /* LevWidgetExtension */,
			);
		};
/* End PBXProject section */

/* Begin PBXResourcesBuildPhase section */
		9BF02C852FFD57700090A62D /* Resources */ = {
			isa = PBXResourcesBuildPhase;
			buildActionMask = 2147483647;
			files = (
			);
			runOnlyForDeploymentPostprocessing = 0;
		};
		9BF02C922FFD57720090A62D /* Resources */ = {
			isa = PBXResourcesBuildPhase;
			buildActionMask = 2147483647;
			files = (
			);
			runOnlyForDeploymentPostprocessing = 0;
		};
		9BF02C9C2FFD57720090A62D /* Resources */ = {
			isa = PBXResourcesBuildPhase;
			buildActionMask = 2147483647;
			files = (
			);
			runOnlyForDeploymentPostprocessing = 0;
		};
		9BF02CD72FFDA1BC0090A62D /* Resources */ = {
			isa = PBXResourcesBuildPhase;
			buildActionMask = 2147483647;
			files = (
			);
			runOnlyForDeploymentPostprocessing = 0;
		};
/* End PBXResourcesBuildPhase section */

/* Begin PBXSourcesBuildPhase section */
		9BF02C832FFD57700090A62D /* Sources */ = {
			isa = PBXSourcesBuildPhase;
			buildActionMask = 2147483647;
			files = (
			);
			runOnlyForDeploymentPostprocessing = 0;
		};
		9BF02C902FFD57720090A62D /* Sources */ = {
			isa = PBXSourcesBuildPhase;
			buildActionMask = 2147483647;
			files = (
			);
			runOnlyForDeploymentPostprocessing = 0;
		};
		9BF02C9A2FFD57720090A62D /* Sources */ = {
			isa = PBXSourcesBuildPhase;
			buildActionMask = 2147483647;
			files = (
			);
			runOnlyForDeploymentPostprocessing = 0;
		};
		9BF02CD52FFDA1BC0090A62D /* Sources */ = {
			isa = PBXSourcesBuildPhase;
			buildActionMask = 2147483647;
			files = (
			);
			runOnlyForDeploymentPostprocessing = 0;
		};
/* End PBXSourcesBuildPhase section */

/* Begin PBXTargetDependency section */
		9BF02C962FFD57720090A62D /* PBXTargetDependency */ = {
			isa = PBXTargetDependency;
			target = 9BF02C862FFD57700090A62D /* EVRA */;
			targetProxy = 9BF02C952FFD57720090A62D /* PBXContainerItemProxy */;
		};
		9BF02CA02FFD57720090A62D /* PBXTargetDependency */ = {
			isa = PBXTargetDependency;
			target = 9BF02C862FFD57700090A62D /* EVRA */;
			targetProxy = 9BF02C9F2FFD57720090A62D /* PBXContainerItemProxy */;
		};
		9BF02CEE2FFDA1BE0090A62D /* PBXTargetDependency */ = {
			isa = PBXTargetDependency;
			target = 9BF02CD82FFDA1BC0090A62D /* LevWidgetExtension */;
			targetProxy = 9BF02CED2FFDA1BE0090A62D /* PBXContainerItemProxy */;
		};
/* End PBXTargetDependency section */

/* Begin XCBuildConfiguration section */
		9BF02CA62FFD57720090A62D /* Debug */ = {
			isa = XCBuildConfiguration;
			buildSettings = {
				ALWAYS_SEARCH_USER_PATHS = NO;
				ASSETCATALOG_COMPILER_GENERATE_SWIFT_ASSET_SYMBOL_EXTENSIONS = YES;
				CLANG_ANALYZER_NONNULL = YES;
				CLANG_ANALYZER_NUMBER_OBJECT_CONVERSION = YES_AGGRESSIVE;
				CLANG_CXX_LANGUAGE_STANDARD = "gnu++20";
				CLANG_ENABLE_MODULES = YES;
				CLANG_ENABLE_OBJC_ARC = YES;
				CLANG_ENABLE_OBJC_WEAK = YES;
				CLANG_WARN_BLOCK_CAPTURE_AUTORELEASING = YES;
				CLANG_WARN_BOOL_CONVERSION = YES;
				CLANG_WARN_COMMA = YES;
				CLANG_WARN_CONSTANT_CONVERSION = YES;
				CLANG_WARN_DEPRECATED_OBJC_IMPLEMENTATIONS = YES;
				CLANG_WARN_DIRECT_OBJC_ISA_USAGE = YES_ERROR;
				CLANG_WARN_DOCUMENTATION_COMMENTS = YES;
				CLANG_WARN_EMPTY_BODY = YES;
				CLANG_WARN_ENUM_CONVERSION = YES;
				CLANG_WARN_INFINITE_RECURSION = YES;
				CLANG_WARN_INT_CONVERSION = YES;
				CLANG_WARN_NON_LITERAL_NULL_CONVERSION = YES;
				CLANG_WARN_OBJC_IMPLICIT_RETAIN_SELF = YES;
				CLANG_WARN_OBJC_LITERAL_CONVERSION = YES;
				CLANG_WARN_OBJC_ROOT_CLASS = YES_ERROR;
				CLANG_WARN_QUOTED_INCLUDE_IN_FRAMEWORK_HEADER = YES;
				CLANG_WARN_RANGE_LOOP_ANALYSIS = YES;
				CLANG_WARN_STRICT_PROTOTYPES = YES;
				CLANG_WARN_SUSPICIOUS_MOVE = YES;
				CLANG_WARN_UNGUARDED_AVAILABILITY = YES_AGGRESSIVE;
				CLANG_WARN_UNREACHABLE_CODE = YES;
				CLANG_WARN__DUPLICATE_METHOD_MATCH = YES;
				COPY_PHASE_STRIP = NO;
				DEBUG_INFORMATION_FORMAT = dwarf;
				DEVELOPMENT_TEAM = 5S382U2FM3;
				ENABLE_STRICT_OBJC_MSGSEND = YES;
				ENABLE_TESTABILITY = YES;
				ENABLE_USER_SCRIPT_SANDBOXING = YES;
				GCC_C_LANGUAGE_STANDARD = gnu17;
				GCC_DYNAMIC_NO_PIC = NO;
				GCC_NO_COMMON_BLOCKS = YES;
				GCC_OPTIMIZATION_LEVEL = 0;
				GCC_PREPROCESSOR_DEFINITIONS = (
					"DEBUG=1",
					"$(inherited)",
				);
				GCC_WARN_64_TO_32_BIT_CONVERSION = YES;
				GCC_WARN_ABOUT_RETURN_TYPE = YES_ERROR;
				GCC_WARN_UNDECLARED_SELECTOR = YES;
				GCC_WARN_UNINITIALIZED_AUTOS = YES_AGGRESSIVE;
				GCC_WARN_UNUSED_FUNCTION = YES;
				GCC_WARN_UNUSED_VARIABLE = YES;
				IPHONEOS_DEPLOYMENT_TARGET = 26.5;
				LOCALIZATION_PREFERS_STRING_CATALOGS = YES;
				MTL_ENABLE_DEBUG_INFO = INCLUDE_SOURCE;
				MTL_FAST_MATH = YES;
				ONLY_ACTIVE_ARCH = YES;
				SDKROOT = iphoneos;
				SWIFT_ACTIVE_COMPILATION_CONDITIONS = "DEBUG $(inherited)";
				SWIFT_OPTIMIZATION_LEVEL = "-Onone";
			};
			name = Debug;
		};
		9BF02CA72FFD57720090A62D /* Release */ = {
			isa = XCBuildConfiguration;
			buildSettings = {
				ALWAYS_SEARCH_USER_PATHS = NO;
				ASSETCATALOG_COMPILER_GENERATE_SWIFT_ASSET_SYMBOL_EXTENSIONS = YES;
				CLANG_ANALYZER_NONNULL = YES;
				CLANG_ANALYZER_NUMBER_OBJECT_CONVERSION = YES_AGGRESSIVE;
				CLANG_CXX_LANGUAGE_STANDARD = "gnu++20";
				CLANG_ENABLE_MODULES = YES;
				CLANG_ENABLE_OBJC_ARC = YES;
				CLANG_ENABLE_OBJC_WEAK = YES;
				CLANG_WARN_BLOCK_CAPTURE_AUTORELEASING = YES;
				CLANG_WARN_BOOL_CONVERSION = YES;
				CLANG_WARN_COMMA = YES;
				CLANG_WARN_CONSTANT_CONVERSION = YES;
				CLANG_WARN_DEPRECATED_OBJC_IMPLEMENTATIONS = YES;
				CLANG_WARN_DIRECT_OBJC_ISA_USAGE = YES_ERROR;
				CLANG_WARN_DOCUMENTATION_COMMENTS = YES;
				CLANG_WARN_EMPTY_BODY = YES;
				CLANG_WARN_ENUM_CONVERSION = YES;
				CLANG_WARN_INFINITE_RECURSION = YES;
				CLANG_WARN_INT_CONVERSION = YES;
				CLANG_WARN_NON_LITERAL_NULL_CONVERSION = YES;
				CLANG_WARN_OBJC_IMPLICIT_RETAIN_SELF = YES;
				CLANG_WARN_OBJC_LITERAL_CONVERSION = YES;
				CLANG_WARN_OBJC_ROOT_CLASS = YES_ERROR;
				CLANG_WARN_QUOTED_INCLUDE_IN_FRAMEWORK_HEADER = YES;
				CLANG_WARN_RANGE_LOOP_ANALYSIS = YES;
				CLANG_WARN_STRICT_PROTOTYPES = YES;
				CLANG_WARN_SUSPICIOUS_MOVE = YES;
				CLANG_WARN_UNGUARDED_AVAILABILITY = YES_AGGRESSIVE;
				CLANG_WARN_UNREACHABLE_CODE = YES;
				CLANG_WARN__DUPLICATE_METHOD_MATCH = YES;
				COPY_PHASE_STRIP = NO;
				DEBUG_INFORMATION_FORMAT = "dwarf-with-dsym";
				DEVELOPMENT_TEAM = 5S382U2FM3;
				ENABLE_NS_ASSERTIONS = NO;
				ENABLE_STRICT_OBJC_MSGSEND = YES;
				ENABLE_USER_SCRIPT_SANDBOXING = YES;
				GCC_C_LANGUAGE_STANDARD = gnu17;
				GCC_NO_COMMON_BLOCKS = YES;
				GCC_WARN_64_TO_32_BIT_CONVERSION = YES;
				GCC_WARN_ABOUT_RETURN_TYPE = YES_ERROR;
				GCC_WARN_UNDECLARED_SELECTOR = YES;
				GCC_WARN_UNINITIALIZED_AUTOS = YES_AGGRESSIVE;
				GCC_WARN_UNUSED_FUNCTION = YES;
				GCC_WARN_UNUSED_VARIABLE = YES;
				IPHONEOS_DEPLOYMENT_TARGET = 26.5;
				LOCALIZATION_PREFERS_STRING_CATALOGS = YES;
				MTL_ENABLE_DEBUG_INFO = NO;
				MTL_FAST_MATH = YES;
				SDKROOT = iphoneos;
				SWIFT_COMPILATION_MODE = wholemodule;
				VALIDATE_PRODUCT = YES;
			};
			name = Release;
		};
		9BF02CA92FFD57720090A62D /* Debug */ = {
			isa = XCBuildConfiguration;
			buildSettings = {
				ASSETCATALOG_COMPILER_APPICON_NAME = AppIcon;
				ASSETCATALOG_COMPILER_GLOBAL_ACCENT_COLOR_NAME = AccentColor;
				ASSETCATALOG_COMPILER_INCLUDE_ALL_APPICON_ASSETS = YES;
				CODE_SIGN_ENTITLEMENTS = EVRA/EVRA.entitlements;
				CODE_SIGN_STYLE = Automatic;
				CURRENT_PROJECT_VERSION = 1;
				DEVELOPMENT_TEAM = 5S382U2FM3;
				ENABLE_PREVIEWS = YES;
				GENERATE_INFOPLIST_FILE = YES;
				INFOPLIST_FILE = EVRA/Info.plist;
				INFOPLIST_KEY_CFBundleDisplayName = Velos;
				INFOPLIST_KEY_LSApplicationCategoryType = "public.app-category.healthcare-fitness";
				INFOPLIST_KEY_NSHealthShareUsageDescription = "Sincronizamos os seus treinos de ciclismo do Apple Watch para calcular automaticamente o seu impacto de CO2.";
				INFOPLIST_KEY_NSHealthUpdateUsageDescription = "Necessário para ler os seus treinos.";
				INFOPLIST_KEY_NSLocationAlwaysAndWhenInUseUsageDescription = "A Velos precisa aceder à sua localização em segundo plano para continuar a gravar a sua viagem e calcular os seus Carbon Points mesmo quando o ecrã do iPhone estiver bloqueado.";
				INFOPLIST_KEY_NSLocationWhenInUseUsageDescription = "A Velos usa a sua localização para rastrear a sua rota, medir a distância percorrida e calcular com precisão o CO2 que você ajudou a evitar.";
				INFOPLIST_KEY_NSMotionUsageDescription = "A Velos usa a sua localização para rastrear a sua rota, medir a distância percorrida e calcular com precisão o CO2 que você ajudou a evitar.";
				INFOPLIST_KEY_NSSupportsLiveActivities = YES;
				INFOPLIST_KEY_UIApplicationSceneManifest_Generation = YES;
				INFOPLIST_KEY_UIApplicationSupportsIndirectInputEvents = YES;
				INFOPLIST_KEY_UILaunchScreen_Generation = YES;
				INFOPLIST_KEY_UISupportedInterfaceOrientations_iPad = "UIInterfaceOrientationPortrait UIInterfaceOrientationPortraitUpsideDown UIInterfaceOrientationLandscapeLeft UIInterfaceOrientationLandscapeRight";
				INFOPLIST_KEY_UISupportedInterfaceOrientations_iPhone = "UIInterfaceOrientationPortrait UIInterfaceOrientationLandscapeLeft UIInterfaceOrientationLandscapeRight";
				INFOPLIST_KEY_UIUserInterfaceStyle = Light;
				LD_RUNPATH_SEARCH_PATHS = (
					"$(inherited)",
					"@executable_path/Frameworks",
				);
				MARKETING_VERSION = 1.0;
				PRODUCT_BUNDLE_IDENTIFIER = filipecunha.dev.EVRA;
				PRODUCT_NAME = "$(TARGET_NAME)";
				STRING_CATALOG_GENERATE_SYMBOLS = YES;
				SUPPORTED_PLATFORMS = "iphoneos iphonesimulator";
				SUPPORTS_MACCATALYST = NO;
				SUPPORTS_MAC_DESIGNED_FOR_IPHONE_IPAD = NO;
				SUPPORTS_XR_DESIGNED_FOR_IPHONE_IPAD = NO;
				SWIFT_APPROACHABLE_CONCURRENCY = YES;
				SWIFT_DEFAULT_ACTOR_ISOLATION = MainActor;
				SWIFT_EMIT_LOC_STRINGS = YES;
				SWIFT_UPCOMING_FEATURE_MEMBER_IMPORT_VISIBILITY = YES;
				SWIFT_VERSION = 5.0;
				TARGETED_DEVICE_FAMILY = 1;
			};
			name = Debug;
		};
		9BF02CAA2FFD57720090A62D /* Release */ = {
			isa = XCBuildConfiguration;
			buildSettings = {
				ASSETCATALOG_COMPILER_APPICON_NAME = AppIcon;
				ASSETCATALOG_COMPILER_GLOBAL_ACCENT_COLOR_NAME = AccentColor;
				ASSETCATALOG_COMPILER_INCLUDE_ALL_APPICON_ASSETS = YES;
				CODE_SIGN_ENTITLEMENTS = EVRA/EVRA.entitlements;
				CODE_SIGN_STYLE = Automatic;
				CURRENT_PROJECT_VERSION = 1;
				DEVELOPMENT_TEAM = 5S382U2FM3;
				ENABLE_PREVIEWS = YES;
				GENERATE_INFOPLIST_FILE = YES;
				INFOPLIST_FILE = EVRA/Info.plist;
				INFOPLIST_KEY_CFBundleDisplayName = Velos;
				INFOPLIST_KEY_LSApplicationCategoryType = "public.app-category.healthcare-fitness";
				INFOPLIST_KEY_NSHealthShareUsageDescription = "Sincronizamos os seus treinos de ciclismo do Apple Watch para calcular automaticamente o seu impacto de CO2.";
				INFOPLIST_KEY_NSHealthUpdateUsageDescription = "Necessário para ler os seus treinos.";
				INFOPLIST_KEY_NSLocationAlwaysAndWhenInUseUsageDescription = "A Velos precisa aceder à sua localização em segundo plano para continuar a gravar a sua viagem e calcular os seus Carbon Points mesmo quando o ecrã do iPhone estiver bloqueado.";
				INFOPLIST_KEY_NSLocationWhenInUseUsageDescription = "A Velos usa a sua localização para rastrear a sua rota, medir a distância percorrida e calcular com precisão o CO2 que você ajudou a evitar.";
				INFOPLIST_KEY_NSMotionUsageDescription = "A Velos usa a sua localização para rastrear a sua rota, medir a distância percorrida e calcular com precisão o CO2 que você ajudou a evitar.";
				INFOPLIST_KEY_NSSupportsLiveActivities = YES;
				INFOPLIST_KEY_UIApplicationSceneManifest_Generation = YES;
				INFOPLIST_KEY_UIApplicationSupportsIndirectInputEvents = YES;
				INFOPLIST_KEY_UILaunchScreen_Generation = YES;
				INFOPLIST_KEY_UISupportedInterfaceOrientations_iPad = "UIInterfaceOrientationPortrait UIInterfaceOrientationPortraitUpsideDown UIInterfaceOrientationLandscapeLeft UIInterfaceOrientationLandscapeRight";
				INFOPLIST_KEY_UISupportedInterfaceOrientations_iPhone = "UIInterfaceOrientationPortrait UIInterfaceOrientationLandscapeLeft UIInterfaceOrientationLandscapeRight";
				INFOPLIST_KEY_UIUserInterfaceStyle = Light;
				LD_RUNPATH_SEARCH_PATHS = (
					"$(inherited)",
					"@executable_path/Frameworks",
				);
				MARKETING_VERSION = 1.0;
				PRODUCT_BUNDLE_IDENTIFIER = filipecunha.dev.EVRA;
				PRODUCT_NAME = "$(TARGET_NAME)";
				STRING_CATALOG_GENERATE_SYMBOLS = YES;
				SUPPORTED_PLATFORMS = "iphoneos iphonesimulator";
				SUPPORTS_MACCATALYST = NO;
				SUPPORTS_MAC_DESIGNED_FOR_IPHONE_IPAD = NO;
				SUPPORTS_XR_DESIGNED_FOR_IPHONE_IPAD = NO;
				SWIFT_APPROACHABLE_CONCURRENCY = YES;
				SWIFT_DEFAULT_ACTOR_ISOLATION = MainActor;
				SWIFT_EMIT_LOC_STRINGS = YES;
				SWIFT_UPCOMING_FEATURE_MEMBER_IMPORT_VISIBILITY = YES;
				SWIFT_VERSION = 5.0;
				TARGETED_DEVICE_FAMILY = 1;
			};
			name = Release;
		};
		9BF02CAC2FFD57720090A62D /* Debug */ = {
			isa = XCBuildConfiguration;
			buildSettings = {
				BUNDLE_LOADER = "$(TEST_HOST)";
				CODE_SIGN_STYLE = Automatic;
				CURRENT_PROJECT_VERSION = 1;
				DEVELOPMENT_TEAM = 5S382U2FM3;
				GENERATE_INFOPLIST_FILE = YES;
				IPHONEOS_DEPLOYMENT_TARGET = 26.5;
				MARKETING_VERSION = 1.0;
				PRODUCT_BUNDLE_IDENTIFIER = filipecunha.dev.EVRATests;
				PRODUCT_NAME = "$(TARGET_NAME)";
				STRING_CATALOG_GENERATE_SYMBOLS = NO;
				SWIFT_APPROACHABLE_CONCURRENCY = YES;
				SWIFT_EMIT_LOC_STRINGS = NO;
				SWIFT_UPCOMING_FEATURE_MEMBER_IMPORT_VISIBILITY = YES;
				SWIFT_VERSION = 5.0;
				TARGETED_DEVICE_FAMILY = "1,2";
				TEST_HOST = "$(BUILT_PRODUCTS_DIR)/EVRA.app/$(BUNDLE_EXECUTABLE_FOLDER_PATH)/EVRA";
			};
			name = Debug;
		};
		9BF02CAD2FFD57720090A62D /* Release */ = {
			isa = XCBuildConfiguration;
			buildSettings = {
				BUNDLE_LOADER = "$(TEST_HOST)";
				CODE_SIGN_STYLE = Automatic;
				CURRENT_PROJECT_VERSION = 1;
				DEVELOPMENT_TEAM = 5S382U2FM3;
				GENERATE_INFOPLIST_FILE = YES;
				IPHONEOS_DEPLOYMENT_TARGET = 26.5;
				MARKETING_VERSION = 1.0;
				PRODUCT_BUNDLE_IDENTIFIER = filipecunha.dev.EVRATests;
				PRODUCT_NAME = "$(TARGET_NAME)";
				STRING_CATALOG_GENERATE_SYMBOLS = NO;
				SWIFT_APPROACHABLE_CONCURRENCY = YES;
				SWIFT_EMIT_LOC_STRINGS = NO;
				SWIFT_UPCOMING_FEATURE_MEMBER_IMPORT_VISIBILITY = YES;
				SWIFT_VERSION = 5.0;
				TARGETED_DEVICE_FAMILY = "1,2";
				TEST_HOST = "$(BUILT_PRODUCTS_DIR)/EVRA.app/$(BUNDLE_EXECUTABLE_FOLDER_PATH)/EVRA";
			};
			name = Release;
		};
		9BF02CAF2FFD57720090A62D /* Debug */ = {
			isa = XCBuildConfiguration;
			buildSettings = {
				CODE_SIGN_STYLE = Automatic;
				CURRENT_PROJECT_VERSION = 1;
				DEVELOPMENT_TEAM = 5S382U2FM3;
				GENERATE_INFOPLIST_FILE = YES;
				MARKETING_VERSION = 1.0;
				PRODUCT_BUNDLE_IDENTIFIER = filipecunha.dev.EVRAUITests;
				PRODUCT_NAME = "$(TARGET_NAME)";
				STRING_CATALOG_GENERATE_SYMBOLS = NO;
				SWIFT_APPROACHABLE_CONCURRENCY = YES;
				SWIFT_EMIT_LOC_STRINGS = NO;
				SWIFT_UPCOMING_FEATURE_MEMBER_IMPORT_VISIBILITY = YES;
				SWIFT_VERSION = 5.0;
				TARGETED_DEVICE_FAMILY = "1,2";
				TEST_TARGET_NAME = EVRA;
			};
			name = Debug;
		};
		9BF02CB02FFD57720090A62D /* Release */ = {
			isa = XCBuildConfiguration;
			buildSettings = {
				CODE_SIGN_STYLE = Automatic;
				CURRENT_PROJECT_VERSION = 1;
				DEVELOPMENT_TEAM = 5S382U2FM3;
				GENERATE_INFOPLIST_FILE = YES;
				MARKETING_VERSION = 1.0;
				PRODUCT_BUNDLE_IDENTIFIER = filipecunha.dev.EVRAUITests;
				PRODUCT_NAME = "$(TARGET_NAME)";
				STRING_CATALOG_GENERATE_SYMBOLS = NO;
				SWIFT_APPROACHABLE_CONCURRENCY = YES;
				SWIFT_EMIT_LOC_STRINGS = NO;
				SWIFT_UPCOMING_FEATURE_MEMBER_IMPORT_VISIBILITY = YES;
				SWIFT_VERSION = 5.0;
				TARGETED_DEVICE_FAMILY = "1,2";
				TEST_TARGET_NAME = EVRA;
			};
			name = Release;
		};
		9BF02CF22FFDA1BE0090A62D /* Debug */ = {
			isa = XCBuildConfiguration;
			buildSettings = {
				ASSETCATALOG_COMPILER_GLOBAL_ACCENT_COLOR_NAME = AccentColor;
				ASSETCATALOG_COMPILER_WIDGET_BACKGROUND_COLOR_NAME = WidgetBackground;
				CODE_SIGN_STYLE = Automatic;
				CURRENT_PROJECT_VERSION = 1;
				DEVELOPMENT_TEAM = 5S382U2FM3;
				GENERATE_INFOPLIST_FILE = YES;
				INFOPLIST_FILE = LevWidget/Info.plist;
				INFOPLIST_KEY_CFBundleDisplayName = LevWidgetExtension;
				INFOPLIST_KEY_NSHumanReadableCopyright = "";
				INFOPLIST_KEY_NSSupportsLiveActivities = YES;
				LD_RUNPATH_SEARCH_PATHS = (
					"$(inherited)",
					"@executable_path/Frameworks",
					"@executable_path/../../Frameworks",
				);
				MARKETING_VERSION = 1.0;
				PRODUCT_BUNDLE_IDENTIFIER = filipecunha.dev.EVRA.LevWidgetExtension;
				PRODUCT_NAME = "$(TARGET_NAME)";
				SKIP_INSTALL = YES;
				STRING_CATALOG_GENERATE_SYMBOLS = YES;
				SWIFT_APPROACHABLE_CONCURRENCY = YES;
				SWIFT_EMIT_LOC_STRINGS = YES;
				SWIFT_UPCOMING_FEATURE_MEMBER_IMPORT_VISIBILITY = YES;
				SWIFT_VERSION = 5.0;
				TARGETED_DEVICE_FAMILY = "1,2";
			};
			name = Debug;
		};
		9BF02CF32FFDA1BE0090A62D /* Release */ = {
			isa = XCBuildConfiguration;
			buildSettings = {
				ASSETCATALOG_COMPILER_GLOBAL_ACCENT_COLOR_NAME = AccentColor;
				ASSETCATALOG_COMPILER_WIDGET_BACKGROUND_COLOR_NAME = WidgetBackground;
				CODE_SIGN_STYLE = Automatic;
				CURRENT_PROJECT_VERSION = 1;
				DEVELOPMENT_TEAM = 5S382U2FM3;
				GENERATE_INFOPLIST_FILE = YES;
				INFOPLIST_FILE = LevWidget/Info.plist;
				INFOPLIST_KEY_CFBundleDisplayName = LevWidgetExtension;
				INFOPLIST_KEY_NSHumanReadableCopyright = "";
				INFOPLIST_KEY_NSSupportsLiveActivities = YES;
				LD_RUNPATH_SEARCH_PATHS = (
					"$(inherited)",
					"@executable_path/Frameworks",
					"@executable_path/../../Frameworks",
				);
				MARKETING_VERSION = 1.0;
				PRODUCT_BUNDLE_IDENTIFIER = filipecunha.dev.EVRA.LevWidgetExtension;
				PRODUCT_NAME = "$(TARGET_NAME)";
				SKIP_INSTALL = YES;
				STRING_CATALOG_GENERATE_SYMBOLS = YES;
				SWIFT_APPROACHABLE_CONCURRENCY = YES;
				SWIFT_EMIT_LOC_STRINGS = YES;
				SWIFT_UPCOMING_FEATURE_MEMBER_IMPORT_VISIBILITY = YES;
				SWIFT_VERSION = 5.0;
				TARGETED_DEVICE_FAMILY = "1,2";
			};
			name = Release;
		};
/* End XCBuildConfiguration section */

/* Begin XCConfigurationList section */
		9BF02C822FFD57700090A62D /* Build configuration list for PBXProject "EVRA" */ = {
			isa = XCConfigurationList;
			buildConfigurations = (
				9BF02CA62FFD57720090A62D /* Debug */,
				9BF02CA72FFD57720090A62D /* Release */,
			);
			defaultConfigurationIsVisible = 0;
			defaultConfigurationName = Release;
		};
		9BF02CA82FFD57720090A62D /* Build configuration list for PBXNativeTarget "EVRA" */ = {
			isa = XCConfigurationList;
			buildConfigurations = (
				9BF02CA92FFD57720090A62D /* Debug */,
				9BF02CAA2FFD57720090A62D /* Release */,
			);
			defaultConfigurationIsVisible = 0;
			defaultConfigurationName = Release;
		};
		9BF02CAB2FFD57720090A62D /* Build configuration list for PBXNativeTarget "EVRATests" */ = {
			isa = XCConfigurationList;
			buildConfigurations = (
				9BF02CAC2FFD57720090A62D /* Debug */,
				9BF02CAD2FFD57720090A62D /* Release */,
			);
			defaultConfigurationIsVisible = 0;
			defaultConfigurationName = Release;
		};
		9BF02CAE2FFD57720090A62D /* Build configuration list for PBXNativeTarget "EVRAUITests" */ = {
			isa = XCConfigurationList;
			buildConfigurations = (
				9BF02CAF2FFD57720090A62D /* Debug */,
				9BF02CB02FFD57720090A62D /* Release */,
			);
			defaultConfigurationIsVisible = 0;
			defaultConfigurationName = Release;
		};
		9BF02CF12FFDA1BE0090A62D /* Build configuration list for PBXNativeTarget "LevWidgetExtension" */ = {
			isa = XCConfigurationList;
			buildConfigurations = (
				9BF02CF22FFDA1BE0090A62D /* Debug */,
				9BF02CF32FFDA1BE0090A62D /* Release */,
			);
			defaultConfigurationIsVisible = 0;
			defaultConfigurationName = Release;
		};
/* End XCConfigurationList section */

/* Begin XCRemoteSwiftPackageReference section */
		9B7733AB30113355003AB477 /* XCRemoteSwiftPackageReference "posthog-ios" */ = {
			isa = XCRemoteSwiftPackageReference;
			repositoryURL = "https://github.com/PostHog/posthog-ios.git";
			requirement = {
				kind = upToNextMajorVersion;
				minimumVersion = 3.67.0;
			};
		};
/* End XCRemoteSwiftPackageReference section */

/* Begin XCSwiftPackageProductDependency section */
		9B7733AC30113355003AB477 /* PostHog */ = {
			isa = XCSwiftPackageProductDependency;
			package = 9B7733AB30113355003AB477 /* XCRemoteSwiftPackageReference "posthog-ios" */;
			productName = PostHog;
		};
/* End XCSwiftPackageProductDependency section */
	};
	rootObject = 9BF02C7F2FFD57700090A62D /* Project object */;
}
